
Microsoft Visual Studio Solution File, Format Version 12.00
# Visual Studio Version 17
VisualStudioVersion = 17.6.33723.286
MinimumVisualStudioVersion = 10.0.40219.1
Project("{FAE04EC0-301F-11D3-BF4B-00C04F79EFBC}") = "DiscordBot", "DiscordBot\DiscordBot.csproj", "{AE396B51-192C-4E8D-B995-8BE86600BBD4}"
EndProject
Global
	GlobalSection(SolutionConfigurationPlatforms) = preSolution
		Debug|Any CPU = Debug|Any CPU
		Release|Any CPU = Release|Any CPU
	EndGlobalSection
	GlobalSection(ProjectConfigurationPlatforms) = postSolution
		{AE396B51-192C-4E8D-B995-8BE86600BBD4}.Debug|Any CPU.ActiveCfg = Debug|Any CPU
		{AE396B51-192C-4E8D-B995-8BE86600BBD4}.Debug|Any CPU.Build.0 = Debug|Any CPU
		{AE396B51-192C-4E8D-B995-8BE86600BBD4}.Release|Any CPU.ActiveCfg = Release|Any CPU
		{AE396B51-192C-4E8D-B995-8BE86600BBD4}.Release|Any CPU.Build.0 = Release|Any CPU
	EndGlobalSection
	GlobalSection(SolutionProperties) = preSolution
		HideSolutionNode = FALSE
	EndGlobalSection
	GlobalSection(ExtensibilityGlobals) = postSolution
		SolutionGuid = {AC1AC9B6-356F-4923-9C99-21F7718C2BA6}
	EndGlobalSection
EndGlobal
